
Microsoft Visual Studio Solution File, Format Version 12.00
# Visual Studio Version 17
VisualStudioVersion = 17.0.31903.59
MinimumVisualStudioVersion = 10.0.40219.1
Project("{FAE04EC0-301F-11D3-BF4B-00C04F79EFBC}") = "PacktLibraryNetStandard2", "PacktLibraryNetStandard2\PacktLibraryNetStandard2.csproj", "{9A830973-4F36-40EE-90E7-E6FF87C2F804}"
EndProject
Project("{FAE04EC0-301F-11D3-BF4B-00C04F79EFBC}") = "PeopleApp", "PeopleApp\PeopleApp.csproj", "{89EA0DBF-0E34-48EE-AF0C-3312CB838DDA}"
EndProject
Project("{FAE04EC0-301F-11D3-BF4B-00C04F79EFBC}") = "PacktLibraryModern", "PacktLibraryModern\PacktLibraryModern.csproj", "{F3F1F28F-26EC-4D13-B1BE-1442267E95DC}"
EndProject
Global
	GlobalSection(SolutionConfigurationPlatforms) = preSolution
		Debug|Any CPU = Debug|Any CPU
		Release|Any CPU = Release|Any CPU
	EndGlobalSection
	GlobalSection(SolutionProperties) = preSolution
		HideSolutionNode = FALSE
	EndGlobalSection
	GlobalSection(ProjectConfigurationPlatforms) = postSolution
		{9A830973-4F36-40EE-90E7-E6FF87C2F804}.Debug|Any CPU.ActiveCfg = Debug|Any CPU
		{9A830973-4F36-40EE-90E7-E6FF87C2F804}.Debug|Any CPU.Build.0 = Debug|Any CPU
		{9A830973-4F36-40EE-90E7-E6FF87C2F804}.Release|Any CPU.ActiveCfg = Release|Any CPU
		{9A830973-4F36-40EE-90E7-E6FF87C2F804}.Release|Any CPU.Build.0 = Release|Any CPU
		{89EA0DBF-0E34-48EE-AF0C-3312CB838DDA}.Debug|Any CPU.ActiveCfg = Debug|Any CPU
		{89EA0DBF-0E34-48EE-AF0C-3312CB838DDA}.Debug|Any CPU.Build.0 = Debug|Any CPU
		{89EA0DBF-0E34-48EE-AF0C-3312CB838DDA}.Release|Any CPU.ActiveCfg = Release|Any CPU
		{89EA0DBF-0E34-48EE-AF0C-3312CB838DDA}.Release|Any CPU.Build.0 = Release|Any CPU
		{F3F1F28F-26EC-4D13-B1BE-1442267E95DC}.Debug|Any CPU.ActiveCfg = Debug|Any CPU
		{F3F1F28F-26EC-4D13-B1BE-1442267E95DC}.Debug|Any CPU.Build.0 = Debug|Any CPU
		{F3F1F28F-26EC-4D13-B1BE-1442267E95DC}.Release|Any CPU.ActiveCfg = Release|Any CPU
		{F3F1F28F-26EC-4D13-B1BE-1442267E95DC}.Release|Any CPU.Build.0 = Release|Any CPU
	EndGlobalSection
EndGlobal
